// !$*UTF8*$!
{
	archiveVersion = 1;
	classes = {
	};
	objectVersion = 50;
	objects = {

/* Begin PBXBuildFile section */
		5D2064642193DBB7003046B1 /* AppDelegate.m in Sources */ = {isa = PBXBuildFile; fileRef = 5D2064632193DBB7003046B1 /* AppDelegate.m */; };
		5D2064672193DBB7003046B1 /* ViewController.m in Sources */ = {isa = PBXBuildFile; fileRef = 5D2064662193DBB7003046B1 /* ViewController.m */; };
		5D20646C2193DBBA003046B1 /* Assets.xcassets in Resources */ = {isa = PBXBuildFile; fileRef = 5D20646B2193DBBA003046B1 /* Assets.xcassets */; };
		5D2064722193DBBA003046B1 /* main.m in Sources */ = {isa = PBXBuildFile; fileRef = 5D2064712193DBBA003046B1 /* main.m */; };
		5D20647B2193DE4D003046B1 /* UserService.m in Sources */ = {isa = PBXBuildFile; fileRef = 5D20647A2193DE4D003046B1 /* UserService.m */; };
		5D20647E21940381003046B1 /* Presenter.m in Sources */ = {isa = PBXBuildFile; fileRef = 5D20647D21940381003046B1 /* Presenter.m */; };
		5D20648321951EA3003046B1 /* UserModel.m in Sources */ = {isa = PBXBuildFile; fileRef = 5D20648221951EA3003046B1 /* UserModel.m */; };
/* End PBXBuildFile section */

/* Begin PBXFileReference section */
		5D20645F2193DBB7003046B1 /* MVPDemoForSelf.app */ = {isa = PBXFileReference; explicitFileType = wrapper.application; includeInIndex = 0; path = MVPDemoForSelf.app; sourceTree = BUILT_PRODUCTS_DIR; };
		5D2064622193DBB7003046B1 /* AppDelegate.h */ = {isa = PBXFileReference; lastKnownFileType = sourcecode.c.h; path = AppDelegate.h; sourceTree = "<group>"; };
		5D2064632193DBB7003046B1 /* AppDelegate.m */ = {isa = PBXFileReference; lastKnownFileType = sourcecode.c.objc; path = AppDelegate.m; sourceTree = "<group>"; };
		5D2064652193DBB7003046B1 /* ViewController.h */ = {isa = PBXFileReference; lastKnownFileType = sourcecode.c.h; path = ViewController.h; sourceTree = "<group>"; };
		5D2064662193DBB7003046B1 /* ViewController.m */ = {isa = PBXFileReference; lastKnownFileType = sourcecode.c.objc; path = ViewController.m; sourceTree = "<group>"; };
		5D20646B2193DBBA003046B1 /* Assets.xcassets */ = {isa = PBXFileReference; lastKnownFileType = folder.assetcatalog; path = Assets.xcassets; sourceTree = "<group>"; };
		5D2064702193DBBA003046B1 /* Info.plist */ = {isa = PBXFileReference; lastKnownFileType = text.plist.xml; path = Info.plist; sourceTree = "<group>"; };
		5D2064712193DBBA003046B1 /* main.m */ = {isa = PBXFileReference; lastKnownFileType = sourcecode.c.objc; path = main.m; sourceTree = "<group>"; };
		5D2064782193DC26003046B1 /* UserViewProtocol.h */ = {isa = PBXFileReference; lastKnownFileType = sourcecode.c.h; path = UserViewProtocol.h; sourceTree = "<group>"; };
		5D2064792193DE4D003046B1 /* UserService.h */ = {isa = PBXFileReference; lastKnownFileType = sourcecode.c.h; path = UserService.h; sourceTree = "<group>"; };
		5D20647A2193DE4D003046B1 /* UserService.m */ = {isa = PBXFileReference; lastKnownFileType = sourcecode.c.objc; path = UserService.m; sourceTree = "<group>"; };
		5D20647C21940381003046B1 /* Presenter.h */ = {isa = PBXFileReference; lastKnownFileType = sourcecode.c.h; path = Presenter.h; sourceTree = "<group>"; };
		5D20647D21940381003046B1 /* Presenter.m */ = {isa = PBXFileReference; lastKnownFileType = sourcecode.c.objc; path = Presenter.m; sourceTree = "<group>"; };
		5D20648121951EA3003046B1 /* UserModel.h */ = {isa = PBXFileReference; lastKnownFileType = sourcecode.c.h; path = UserModel.h; sourceTree = "<group>"; };
		5D20648221951EA3003046B1 /* UserModel.m */ = {isa = PBXFileReference; lastKnownFileType = sourcecode.c.objc; path = UserModel.m; sourceTree = "<group>"; };
/* End PBXFileReference section */

/* Begin PBXFrameworksBuildPhase section */
		5D20645C2193DBB7003046B1 /* Frameworks */ = {
			isa = PBXFrameworksBuildPhase;
			buildActionMask = 2147483647;
			files = (
			);
			runOnlyForDeploymentPostprocessing = 0;
		};
/* End PBXFrameworksBuildPhase section */

/* Begin PBXGroup section */
		5D2064562193DBB7003046B1 = {
			isa = PBXGroup;
			children = (
				5D2064612193DBB7003046B1 /* MVPDemoForSelf */,
				5D2064602193DBB7003046B1 /* Products */,
			);
			sourceTree = "<group>";
		};
		5D2064602193DBB7003046B1 /* Products */ = {
			isa = PBXGroup;
			children = (
				5D20645F2193DBB7003046B1 /* MVPDemoForSelf.app */,
			);
			name = Products;
			sourceTree = "<group>";
		};
		5D2064612193DBB7003046B1 /* MVPDemoForSelf */ = {
			isa = PBXGroup;
			children = (
				5D20648421952BEA003046B1 /* MVP */,
				5D2064622193DBB7003046B1 /* AppDelegate.h */,
				5D2064632193DBB7003046B1 /* AppDelegate.m */,
				5D20646B2193DBBA003046B1 /* Assets.xcassets */,
				5D2064702193DBBA003046B1 /* Info.plist */,
				5D2064712193DBBA003046B1 /* main.m */,
			);
			path = MVPDemoForSelf;
			sourceTree = "<group>";
		};
		5D20648421952BEA003046B1 /* MVP */ = {
			isa = PBXGroup;
			children = (
				5D20648921952C8B003046B1 /* Service */,
				5D20648821952C79003046B1 /* Protocol */,
				5D20648721952C48003046B1 /* Presenter */,
				5D20648621952C25003046B1 /* View */,
				5D20648521952C06003046B1 /* Model */,
			);
			path = MVP;
			sourceTree = "<group>";
		};
		5D20648521952C06003046B1 /* Model */ = {
			isa = PBXGroup;
			children = (
				5D20648121951EA3003046B1 /* UserModel.h */,
				5D20648221951EA3003046B1 /* UserModel.m */,
			);
			path = Model;
			sourceTree = "<group>";
		};
		5D20648621952C25003046B1 /* View */ = {
			isa = PBXGroup;
			children = (
				5D2064652193DBB7003046B1 /* ViewController.h */,
				5D2064662193DBB7003046B1 /* ViewController.m */,
			);
			path = View;
			sourceTree = "<group>";
		};
		5D20648721952C48003046B1 /* Presenter */ = {
			isa = PBXGroup;
			children = (
				5D20647C21940381003046B1 /* Presenter.h */,
				5D20647D21940381003046B1 /* Presenter.m */,
			);
			path = Presenter;
			sourceTree = "<group>";
		};
		5D20648821952C79003046B1 /* Protocol */ = {
			isa = PBXGroup;
			children = (
				5D2064782193DC26003046B1 /* UserViewProtocol.h */,
			);
			path = Protocol;
			sourceTree = "<group>";
		};
		5D20648921952C8B003046B1 /* Service */ = {
			isa = PBXGroup;
			children = (
				5D2064792193DE4D003046B1 /* UserService.h */,
				5D20647A2193DE4D003046B1 /* UserService.m */,
			);
			path = Service;
			sourceTree = "<group>";
		};
/* End PBXGroup section */

/* Begin PBXNativeTarget section */
		5D20645E2193DBB7003046B1 /* MVPDemoForSelf */ = {
			isa = PBXNativeTarget;
			buildConfigurationList = 5D2064752193DBBA003046B1 /* Build configuration list for PBXNativeTarget "MVPDemoForSelf" */;
			buildPhases = (
				5D20645B2193DBB7003046B1 /* Sources */,
				5D20645C2193DBB7003046B1 /* Frameworks */,
				5D20645D2193DBB7003046B1 /* Resources */,
			);
			buildRules = (
			);
			dependencies = (
			);
			name = MVPDemoForSelf;
			productName = MVPDemoForSelf;
			productReference = 5D20645F2193DBB7003046B1 /* MVPDemoForSelf.app */;
			productType = "com.apple.product-type.application";
		};
/* End PBXNativeTarget section */

/* Begin PBXProject section */
		5D2064572193DBB7003046B1 /* Project object */ = {
			isa = PBXProject;
			attributes = {
				LastUpgradeCheck = 1010;
				ORGANIZATIONNAME = "谢伟";
				TargetAttributes = {
					5D20645E2193DBB7003046B1 = {
						CreatedOnToolsVersion = 10.1;
					};
				};
			};
			buildConfigurationList = 5D20645A2193DBB7003046B1 /* Build configuration list for PBXProject "MVPDemoForSelf" */;
			compatibilityVersion = "Xcode 9.3";
			developmentRegion = en;
			hasScannedForEncodings = 0;
			knownRegions = (
				en,
				Base,
			);
			mainGroup = 5D2064562193DBB7003046B1;
			productRefGroup = 5D2064602193DBB7003046B1 /* Products */;
			projectDirPath = "";
			projectRoot = "";
			targets = (
				5D20645E2193DBB7003046B1 /* MVPDemoForSelf */,
			);
		};
/* End PBXProject section */

/* Begin PBXResourcesBuildPhase section */
		5D20645D2193DBB7003046B1 /* Resources */ = {
			isa = PBXResourcesBuildPhase;
			buildActionMask = 2147483647;
			files = (
				5D20646C2193DBBA003046B1 /* Assets.xcassets in Resources */,
			);
			runOnlyForDeploymentPostprocessing = 0;
		};
/* End PBXResourcesBuildPhase section */

/* Begin PBXSourcesBuildPhase section */
		5D20645B2193DBB7003046B1 /* Sources */ = {
			isa = PBXSourcesBuildPhase;
			buildActionMask = 2147483647;
			files = (
				5D20647E21940381003046B1 /* Presenter.m in Sources */,
				5D20647B2193DE4D003046B1 /* UserService.m in Sources */,
				5D20648321951EA3003046B1 /* UserModel.m in Sources */,
				5D2064672193DBB7003046B1 /* ViewController.m in Sources */,
				5D2064722193DBBA003046B1 /* main.m in Sources */,
				5D2064642193DBB7003046B1 /* AppDelegate.m in Sources */,
			);
			runOnlyForDeploymentPostprocessing = 0;
		};
/* End PBXSourcesBuildPhase section */

/* Begin XCBuildConfiguration section */
		5D2064732193DBBA003046B1 /* Debug */ = {
			isa = XCBuildConfiguration;
			buildSettings = {
				ALWAYS_SEARCH_USER_PATHS = NO;
				CLANG_ANALYZER_NONNULL = YES;
				CLANG_ANALYZER_NUMBER_OBJECT_CONVERSION = YES_AGGRESSIVE;
				CLANG_CXX_LANGUAGE_STANDARD = "gnu++14";
				CLANG_CXX_LIBRARY = "libc++";
				CLANG_ENABLE_MODULES = YES;
				CLANG_ENABLE_OBJC_ARC = YES;
				CLANG_ENABLE_OBJC_WEAK = YES;
				CLANG_WARN_BLOCK_CAPTURE_AUTORELEASING = YES;
				CLANG_WARN_BOOL_CONVERSION = YES;
				CLANG_WARN_COMMA = YES;
				CLANG_WARN_CONSTANT_CONVERSION = YES;
				CLANG_WARN_DEPRECATED_OBJC_IMPLEMENTATIONS = YES;
				CLANG_WARN_DIRECT_OBJC_ISA_USAGE = YES_ERROR;
				CLANG_WARN_DOCUMENTATION_COMMENTS = YES;
				CLANG_WARN_EMPTY_BODY = YES;
				CLANG_WARN_ENUM_CONVERSION = YES;
				CLANG_WARN_INFINITE_RECURSION = YES;
				CLANG_WARN_INT_CONVERSION = YES;
				CLANG_WARN_NON_LITERAL_NULL_CONVERSION = YES;
				CLANG_WARN_OBJC_IMPLICIT_RETAIN_SELF = YES;
				CLANG_WARN_OBJC_LITERAL_CONVERSION = YES;
				CLANG_WARN_OBJC_ROOT_CLASS = YES_ERROR;
				CLANG_WARN_RANGE_LOOP_ANALYSIS = YES;
				CLANG_WARN_STRICT_PROTOTYPES = YES;
				CLANG_WARN_SUSPICIOUS_MOVE = YES;
				CLANG_WARN_UNGUARDED_AVAILABILITY = YES_AGGRESSIVE;
				CLANG_WARN_UNREACHABLE_CODE = YES;
				CLANG_WARN__DUPLICATE_METHOD_MATCH = YES;
				CODE_SIGN_IDENTITY = "iPhone Developer";
				COPY_PHASE_STRIP = NO;
				DEBUG_INFORMATION_FORMAT = dwarf;
				ENABLE_STRICT_OBJC_MSGSEND = YES;
				ENABLE_TESTABILITY = YES;
				GCC_C_LANGUAGE_STANDARD = gnu11;
				GCC_DYNAMIC_NO_PIC = NO;
				GCC_NO_COMMON_BLOCKS = YES;
				GCC_OPTIMIZATION_LEVEL = 0;
				GCC_PREPROCESSOR_DEFINITIONS = (
					"DEBUG=1",
					"$(inherited)",
				);
				GCC_WARN_64_TO_32_BIT_CONVERSION = YES;
				GCC_WARN_ABOUT_RETURN_TYPE = YES_ERROR;
				GCC_WARN_UNDECLARED_SELECTOR = YES;
				GCC_WARN_UNINITIALIZED_AUTOS = YES_AGGRESSIVE;
				GCC_WARN_UNUSED_FUNCTION = YES;
				GCC_WARN_UNUSED_VARIABLE = YES;
				IPHONEOS_DEPLOYMENT_TARGET = 12.1;
				MTL_ENABLE_DEBUG_INFO = INCLUDE_SOURCE;
				MTL_FAST_MATH = YES;
				ONLY_ACTIVE_ARCH = YES;
				SDKROOT = iphoneos;
			};
			name = Debug;
		};
		5D2064742193DBBA003046B1 /* Release */ = {
			isa = XCBuildConfiguration;
			buildSettings = {
				ALWAYS_SEARCH_USER_PATHS = NO;
				CLANG_ANALYZER_NONNULL = YES;
				CLANG_ANALYZER_NUMBER_OBJECT_CONVERSION = YES_AGGRESSIVE;
				CLANG_CXX_LANGUAGE_STANDARD = "gnu++14";
				CLANG_CXX_LIBRARY = "libc++";
				CLANG_ENABLE_MODULES = YES;
				CLANG_ENABLE_OBJC_ARC = YES;
				CLANG_ENABLE_OBJC_WEAK = YES;
				CLANG_WARN_BLOCK_CAPTURE_AUTORELEASING = YES;
				CLANG_WARN_BOOL_CONVERSION = YES;
				CLANG_WARN_COMMA = YES;
				CLANG_WARN_CONSTANT_CONVERSION = YES;
				CLANG_WARN_DEPRECATED_OBJC_IMPLEMENTATIONS = YES;
				CLANG_WARN_DIRECT_OBJC_ISA_USAGE = YES_ERROR;
				CLANG_WARN_DOCUMENTATION_COMMENTS = YES;
				CLANG_WARN_EMPTY_BODY = YES;
				CLANG_WARN_ENUM_CONVERSION = YES;
				CLANG_WARN_INFINITE_RECURSION = YES;
				CLANG_WARN_INT_CONVERSION = YES;
				CLANG_WARN_NON_LITERAL_NULL_CONVERSION = YES;
				CLANG_WARN_OBJC_IMPLICIT_RETAIN_SELF = YES;
				CLANG_WARN_OBJC_LITERAL_CONVERSION = YES;
				CLANG_WARN_OBJC_ROOT_CLASS = YES_ERROR;
				CLANG_WARN_RANGE_LOOP_ANALYSIS = YES;
				CLANG_WARN_STRICT_PROTOTYPES = YES;
				CLANG_WARN_SUSPICIOUS_MOVE = YES;
				CLANG_WARN_UNGUARDED_AVAILABILITY = YES_AGGRESSIVE;
				CLANG_WARN_UNREACHABLE_CODE = YES;
				CLANG_WARN__DUPLICATE_METHOD_MATCH = YES;
				CODE_SIGN_IDENTITY = "iPhone Developer";
				COPY_PHASE_STRIP = NO;
				DEBUG_INFORMATION_FORMAT = "dwarf-with-dsym";
				ENABLE_NS_ASSERTIONS = NO;
				ENABLE_STRICT_OBJC_MSGSEND = YES;
				GCC_C_LANGUAGE_STANDARD = gnu11;
				GCC_NO_COMMON_BLOCKS = YES;
				GCC_WARN_64_TO_32_BIT_CONVERSION = YES;
				GCC_WARN_ABOUT_RETURN_TYPE = YES_ERROR;
				GCC_WARN_UNDECLARED_SELECTOR = YES;
				GCC_WARN_UNINITIALIZED_AUTOS = YES_AGGRESSIVE;
				GCC_WARN_UNUSED_FUNCTION = YES;
				GCC_WARN_UNUSED_VARIABLE = YES;
				IPHONEOS_DEPLOYMENT_TARGET = 12.1;
				MTL_ENABLE_DEBUG_INFO = NO;
				MTL_FAST_MATH = YES;
				SDKROOT = iphoneos;
				VALIDATE_PRODUCT = YES;
			};
			name = Release;
		};
		5D2064762193DBBA003046B1 /* Debug */ = {
			isa = XCBuildConfiguration;
			buildSettings = {
				ASSETCATALOG_COMPILER_APPICON_NAME = AppIcon;
				ASSETCATALOG_COMPILER_LAUNCHIMAGE_NAME = LaunchImage;
				CODE_SIGN_STYLE = Automatic;
				DEVELOPMENT_TEAM = 3552J6GPB6;
				INFOPLIST_FILE = MVPDemoForSelf/Info.plist;
				IPHONEOS_DEPLOYMENT_TARGET = 8.0;
				LD_RUNPATH_SEARCH_PATHS = (
					"$(inherited)",
					"@executable_path/Frameworks",
				);
				PRODUCT_BUNDLE_IDENTIFIER = com.xw.MVPDemoForSelf;
				PRODUCT_NAME = "$(TARGET_NAME)";
				TARGETED_DEVICE_FAMILY = "1,2";
			};
			name = Debug;
		};
		5D2064772193DBBA003046B1 /* Release */ = {
			isa = XCBuildConfiguration;
			buildSettings = {
				ASSETCATALOG_COMPILER_APPICON_NAME = AppIcon;
				ASSETCATALOG_COMPILER_LAUNCHIMAGE_NAME = LaunchImage;
				CODE_SIGN_STYLE = Automatic;
				DEVELOPMENT_TEAM = 3552J6GPB6;
				INFOPLIST_FILE = MVPDemoForSelf/Info.plist;
				IPHONEOS_DEPLOYMENT_TARGET = 8.0;
				LD_RUNPATH_SEARCH_PATHS = (
					"$(inherited)",
					"@executable_path/Frameworks",
				);
				PRODUCT_BUNDLE_IDENTIFIER = com.xw.MVPDemoForSelf;
				PRODUCT_NAME = "$(TARGET_NAME)";
				TARGETED_DEVICE_FAMILY = "1,2";
			};
			name = Release;
		};
/* End XCBuildConfiguration section */

/* Begin XCConfigurationList section */
		5D20645A2193DBB7003046B1 /* Build configuration list for PBXProject "MVPDemoForSelf" */ = {
			isa = XCConfigurationList;
			buildConfigurations = (
				5D2064732193DBBA003046B1 /* Debug */,
				5D2064742193DBBA003046B1 /* Release */,
			);
			defaultConfigurationIsVisible = 0;
			defaultConfigurationName = Release;
		};
		5D2064752193DBBA003046B1 /* Build configuration list for PBXNativeTarget "MVPDemoForSelf" */ = {
			isa = XCConfigurationList;
			buildConfigurations = (
				5D2064762193DBBA003046B1 /* Debug */,
				5D2064772193DBBA003046B1 /* Release */,
			);
			defaultConfigurationIsVisible = 0;
			defaultConfigurationName = Release;
		};
/* End XCConfigurationList section */
	};
	rootObject = 5D2064572193DBB7003046B1 /* Project object */;
}
